
Microsoft Visual Studio Solution File, Format Version 12.00
# Visual Studio 2013
VisualStudioVersion = 12.0.40629.0
MinimumVisualStudioVersion = 10.0.40219.1
Project("{FAE04EC0-301F-11D3-BF4B-00C04F79EFBC}") = "JobFinderGUI", "JobHelperGuiBeta1\JobFinderGUI.csproj", "{5C96E4B6-6AC6-4613-B82D-8A805E372EC9}"
EndProject
Project("{FAE04EC0-301F-11D3-BF4B-00C04F79EFBC}") = "JobFinderData", "JobFinderData\JobFinderData.csproj", "{707BE998-707A-4C31-895A-1FDBAD0EE7AC}"
EndProject
Project("{FAE04EC0-301F-11D3-BF4B-00C04F79EFBC}") = "JobFinderBU", "JobFinderBU\JobFinderBU.csproj", "{02D6096F-D840-4EEA-A6EB-35AB5887CB07}"
EndProject
Global
	GlobalSection(SolutionConfigurationPlatforms) = preSolution
		Debug|Any CPU = Debug|Any CPU
		Release|Any CPU = Release|Any CPU
	EndGlobalSection
	GlobalSection(ProjectConfigurationPlatforms) = postSolution
		{5C96E4B6-6AC6-4613-B82D-8A805E372EC9}.Debug|Any CPU.ActiveCfg = Debug|Any CPU
		{5C96E4B6-6AC6-4613-B82D-8A805E372EC9}.Debug|Any CPU.Build.0 = Debug|Any CPU
		{5C96E4B6-6AC6-4613-B82D-8A805E372EC9}.Release|Any CPU.ActiveCfg = Release|Any CPU
		{5C96E4B6-6AC6-4613-B82D-8A805E372EC9}.Release|Any CPU.Build.0 = Release|Any CPU
		{707BE998-707A-4C31-895A-1FDBAD0EE7AC}.Debug|Any CPU.ActiveCfg = Debug|Any CPU
		{707BE998-707A-4C31-895A-1FDBAD0EE7AC}.Debug|Any CPU.Build.0 = Debug|Any CPU
		{707BE998-707A-4C31-895A-1FDBAD0EE7AC}.Release|Any CPU.ActiveCfg = Release|Any CPU
		{707BE998-707A-4C31-895A-1FDBAD0EE7AC}.Release|Any CPU.Build.0 = Release|Any CPU
		{02D6096F-D840-4EEA-A6EB-35AB5887CB07}.Debug|Any CPU.ActiveCfg = Debug|Any CPU
		{02D6096F-D840-4EEA-A6EB-35AB5887CB07}.Debug|Any CPU.Build.0 = Debug|Any CPU
		{02D6096F-D840-4EEA-A6EB-35AB5887CB07}.Release|Any CPU.ActiveCfg = Release|Any CPU
		{02D6096F-D840-4EEA-A6EB-35AB5887CB07}.Release|Any CPU.Build.0 = Release|Any CPU
	EndGlobalSection
	GlobalSection(SolutionProperties) = preSolution
		HideSolutionNode = FALSE
	EndGlobalSection
EndGlobal
